// !$*UTF8*$!
{
	archiveVersion = 1;
	classes = {
	};
	objectVersion = 46;
	objects = {

/* Begin PBXBuildFile section */
		B584471F190E7F17009F8E2A /* Main.storyboard in Resources */ = {isa = PBXBuildFile; fileRef = B584471E190E7F17009F8E2A /* Main.storyboard */; };
		B5844721190F4B83009F8E2A /* Images.xcassets in Resources */ = {isa = PBXBuildFile; fileRef = B5844720190F4B83009F8E2A /* Images.xcassets */; };
		B5C2623C190E67B700F52A56 /* Foundation.framework in Frameworks */ = {isa = PBXBuildFile; fileRef = B5C2623B190E67B700F52A56 /* Foundation.framework */; };
		B5C2623E190E67B700F52A56 /* CoreGraphics.framework in Frameworks */ = {isa = PBXBuildFile; fileRef = B5C2623D190E67B700F52A56 /* CoreGraphics.framework */; };
		B5C26240190E67B700F52A56 /* UIKit.framework in Frameworks */ = {isa = PBXBuildFile; fileRef = B5C2623F190E67B700F52A56 /* UIKit.framework */; };
		B5C26246190E67B700F52A56 /* InfoPlist.strings in Resources */ = {isa = PBXBuildFile; fileRef = B5C26244190E67B700F52A56 /* InfoPlist.strings */; };
		B5C26248190E67B700F52A56 /* main.m in Sources */ = {isa = PBXBuildFile; fileRef = B5C26247190E67B700F52A56 /* main.m */; };
		B5C2624C190E67B700F52A56 /* ASAppDelegate.m in Sources */ = {isa = PBXBuildFile; fileRef = B5C2624B190E67B700F52A56 /* ASAppDelegate.m */; };
		B5C26255190E67B700F52A56 /* XCTest.framework in Frameworks */ = {isa = PBXBuildFile; fileRef = B5C26254190E67B700F52A56 /* XCTest.framework */; };
		B5C26256190E67B700F52A56 /* Foundation.framework in Frameworks */ = {isa = PBXBuildFile; fileRef = B5C2623B190E67B700F52A56 /* Foundation.framework */; };
		B5C26257190E67B700F52A56 /* UIKit.framework in Frameworks */ = {isa = PBXBuildFile; fileRef = B5C2623F190E67B700F52A56 /* UIKit.framework */; };
		B5C2625F190E67B700F52A56 /* InfoPlist.strings in Resources */ = {isa = PBXBuildFile; fileRef = B5C2625D190E67B700F52A56 /* InfoPlist.strings */; };
		B5C26261190E67B700F52A56 /* AirSellTests.m in Sources */ = {isa = PBXBuildFile; fileRef = B5C26260190E67B700F52A56 /* AirSellTests.m */; };
		B5C2626D190E681200F52A56 /* ASPaperCollectionViewController.m in Sources */ = {isa = PBXBuildFile; fileRef = B5C2626C190E681200F52A56 /* ASPaperCollectionViewController.m */; };
		B5C26273190E734500F52A56 /* ASTransitionController.m in Sources */ = {isa = PBXBuildFile; fileRef = B5C26270190E734500F52A56 /* ASTransitionController.m */; };
		B5C26274190E734500F52A56 /* ASTransitionLayout.m in Sources */ = {isa = PBXBuildFile; fileRef = B5C26272190E734500F52A56 /* ASTransitionLayout.m */; };
		B5C2627A190E745C00F52A56 /* ASCollectionViewLargeLayout.m in Sources */ = {isa = PBXBuildFile; fileRef = B5C26277190E745C00F52A56 /* ASCollectionViewLargeLayout.m */; };
		B5C2627B190E745C00F52A56 /* ASCollectionViewSmallLayout.m in Sources */ = {isa = PBXBuildFile; fileRef = B5C26279190E745C00F52A56 /* ASCollectionViewSmallLayout.m */; };
		B5C26280190E74D900F52A56 /* ASSmallCollectionViewController.m in Sources */ = {isa = PBXBuildFile; fileRef = B5C2627D190E74D900F52A56 /* ASSmallCollectionViewController.m */; };
/* End PBXBuildFile section */

/* Begin PBXContainerItemProxy section */
		B5C26258190E67B700F52A56 /* PBXContainerItemProxy */ = {
			isa = PBXContainerItemProxy;
			containerPortal = B5C26230190E67B700F52A56 /* Project object */;
			proxyType = 1;
			remoteGlobalIDString = B5C26237190E67B700F52A56;
			remoteInfo = AirSell;
		};
/* End PBXContainerItemProxy section */

/* Begin PBXFileReference section */
		B584471E190E7F17009F8E2A /* Main.storyboard */ = {isa = PBXFileReference; fileEncoding = 4; lastKnownFileType = file.storyboard; path = Main.storyboard; sourceTree = "<group>"; };
		B5844720190F4B83009F8E2A /* Images.xcassets */ = {isa = PBXFileReference; lastKnownFileType = folder.assetcatalog; path = Images.xcassets; sourceTree = "<group>"; };
		B5C26238190E67B700F52A56 /* AirSell.app */ = {isa = PBXFileReference; explicitFileType = wrapper.application; includeInIndex = 0; path = AirSell.app; sourceTree = BUILT_PRODUCTS_DIR; };
		B5C2623B190E67B700F52A56 /* Foundation.framework */ = {isa = PBXFileReference; lastKnownFileType = wrapper.framework; name = Foundation.framework; path = System/Library/Frameworks/Foundation.framework; sourceTree = SDKROOT; };
		B5C2623D190E67B700F52A56 /* CoreGraphics.framework */ = {isa = PBXFileReference; lastKnownFileType = wrapper.framework; name = CoreGraphics.framework; path = System/Library/Frameworks/CoreGraphics.framework; sourceTree = SDKROOT; };
		B5C2623F190E67B700F52A56 /* UIKit.framework */ = {isa = PBXFileReference; lastKnownFileType = wrapper.framework; name = UIKit.framework; path = System/Library/Frameworks/UIKit.framework; sourceTree = SDKROOT; };
		B5C26243190E67B700F52A56 /* AirSell-Info.plist */ = {isa = PBXFileReference; lastKnownFileType = text.plist.xml; path = "AirSell-Info.plist"; sourceTree = "<group>"; };
		B5C26245190E67B700F52A56 /* en */ = {isa = PBXFileReference; lastKnownFileType = text.plist.strings; name = en; path = en.lproj/InfoPlist.strings; sourceTree = "<group>"; };
		B5C26247190E67B700F52A56 /* main.m */ = {isa = PBXFileReference; lastKnownFileType = sourcecode.c.objc; path = main.m; sourceTree = "<group>"; };
		B5C26249190E67B700F52A56 /* AirSell-Prefix.pch */ = {isa = PBXFileReference; lastKnownFileType = sourcecode.c.h; path = "AirSell-Prefix.pch"; sourceTree = "<group>"; };
		B5C2624A190E67B700F52A56 /* ASAppDelegate.h */ = {isa = PBXFileReference; lastKnownFileType = sourcecode.c.h; path = ASAppDelegate.h; sourceTree = "<group>"; };
		B5C2624B190E67B700F52A56 /* ASAppDelegate.m */ = {isa = PBXFileReference; lastKnownFileType = sourcecode.c.objc; path = ASAppDelegate.m; sourceTree = "<group>"; };
		B5C26253190E67B700F52A56 /* AirSellTests.xctest */ = {isa = PBXFileReference; explicitFileType = wrapper.cfbundle; includeInIndex = 0; path = AirSellTests.xctest; sourceTree = BUILT_PRODUCTS_DIR; };
		B5C26254190E67B700F52A56 /* XCTest.framework */ = {isa = PBXFileReference; lastKnownFileType = wrapper.framework; name = XCTest.framework; path = Library/Frameworks/XCTest.framework; sourceTree = DEVELOPER_DIR; };
		B5C2625C190E67B700F52A56 /* AirSellTests-Info.plist */ = {isa = PBXFileReference; lastKnownFileType = text.plist.xml; path = "AirSellTests-Info.plist"; sourceTree = "<group>"; };
		B5C2625E190E67B700F52A56 /* en */ = {isa = PBXFileReference; lastKnownFileType = text.plist.strings; name = en; path = en.lproj/InfoPlist.strings; sourceTree = "<group>"; };
		B5C26260190E67B700F52A56 /* AirSellTests.m */ = {isa = PBXFileReference; lastKnownFileType = sourcecode.c.objc; path = AirSellTests.m; sourceTree = "<group>"; };
		B5C2626B190E681200F52A56 /* ASPaperCollectionViewController.h */ = {isa = PBXFileReference; fileEncoding = 4; lastKnownFileType = sourcecode.c.h; path = ASPaperCollectionViewController.h; sourceTree = "<group>"; };
		B5C2626C190E681200F52A56 /* ASPaperCollectionViewController.m */ = {isa = PBXFileReference; fileEncoding = 4; lastKnownFileType = sourcecode.c.objc; path = ASPaperCollectionViewController.m; sourceTree = "<group>"; };
		B5C2626F190E734500F52A56 /* ASTransitionController.h */ = {isa = PBXFileReference; fileEncoding = 4; lastKnownFileType = sourcecode.c.h; path = ASTransitionController.h; sourceTree = "<group>"; };
		B5C26270190E734500F52A56 /* ASTransitionController.m */ = {isa = PBXFileReference; fileEncoding = 4; lastKnownFileType = sourcecode.c.objc; path = ASTransitionController.m; sourceTree = "<group>"; };
		B5C26271190E734500F52A56 /* ASTransitionLayout.h */ = {isa = PBXFileReference; fileEncoding = 4; lastKnownFileType = sourcecode.c.h; path = ASTransitionLayout.h; sourceTree = "<group>"; };
		B5C26272190E734500F52A56 /* ASTransitionLayout.m */ = {isa = PBXFileReference; fileEncoding = 4; lastKnownFileType = sourcecode.c.objc; path = ASTransitionLayout.m; sourceTree = "<group>"; };
		B5C26276190E745C00F52A56 /* ASCollectionViewLargeLayout.h */ = {isa = PBXFileReference; fileEncoding = 4; lastKnownFileType = sourcecode.c.h; path = ASCollectionViewLargeLayout.h; sourceTree = "<group>"; };
		B5C26277190E745C00F52A56 /* ASCollectionViewLargeLayout.m */ = {isa = PBXFileReference; fileEncoding = 4; lastKnownFileType = sourcecode.c.objc; path = ASCollectionViewLargeLayout.m; sourceTree = "<group>"; };
		B5C26278190E745C00F52A56 /* ASCollectionViewSmallLayout.h */ = {isa = PBXFileReference; fileEncoding = 4; lastKnownFileType = sourcecode.c.h; path = ASCollectionViewSmallLayout.h; sourceTree = "<group>"; };
		B5C26279190E745C00F52A56 /* ASCollectionViewSmallLayout.m */ = {isa = PBXFileReference; fileEncoding = 4; lastKnownFileType = sourcecode.c.objc; path = ASCollectionViewSmallLayout.m; sourceTree = "<group>"; };
		B5C2627C190E74D900F52A56 /* ASSmallCollectionViewController.h */ = {isa = PBXFileReference; fileEncoding = 4; lastKnownFileType = sourcecode.c.h; path = ASSmallCollectionViewController.h; sourceTree = "<group>"; };
		B5C2627D190E74D900F52A56 /* ASSmallCollectionViewController.m */ = {isa = PBXFileReference; fileEncoding = 4; lastKnownFileType = sourcecode.c.objc; path = ASSmallCollectionViewController.m; sourceTree = "<group>"; };
		B5C26282190E755B00F52A56 /* CommonDefine.h */ = {isa = PBXFileReference; lastKnownFileType = sourcecode.c.h; path = CommonDefine.h; sourceTree = "<group>"; };
/* End PBXFileReference section */

/* Begin PBXFrameworksBuildPhase section */
		B5C26235190E67B700F52A56 /* Frameworks */ = {
			isa = PBXFrameworksBuildPhase;
			buildActionMask = 2147483647;
			files = (
				B5C2623E190E67B700F52A56 /* CoreGraphics.framework in Frameworks */,
				B5C26240190E67B700F52A56 /* UIKit.framework in Frameworks */,
				B5C2623C190E67B700F52A56 /* Foundation.framework in Frameworks */,
			);
			runOnlyForDeploymentPostprocessing = 0;
		};
		B5C26250190E67B700F52A56 /* Frameworks */ = {
			isa = PBXFrameworksBuildPhase;
			buildActionMask = 2147483647;
			files = (
				B5C26255190E67B700F52A56 /* XCTest.framework in Frameworks */,
				B5C26257190E67B700F52A56 /* UIKit.framework in Frameworks */,
				B5C26256190E67B700F52A56 /* Foundation.framework in Frameworks */,
			);
			runOnlyForDeploymentPostprocessing = 0;
		};
/* End PBXFrameworksBuildPhase section */

/* Begin PBXGroup section */
		B5C2622F190E67B700F52A56 = {
			isa = PBXGroup;
			children = (
				B5C26241190E67B700F52A56 /* AirSell */,
				B5C2625A190E67B700F52A56 /* AirSellTests */,
				B5C2623A190E67B700F52A56 /* Frameworks */,
				B5C26239190E67B700F52A56 /* Products */,
			);
			sourceTree = "<group>";
		};
		B5C26239190E67B700F52A56 /* Products */ = {
			isa = PBXGroup;
			children = (
				B5C26238190E67B700F52A56 /* AirSell.app */,
				B5C26253190E67B700F52A56 /* AirSellTests.xctest */,
			);
			name = Products;
			sourceTree = "<group>";
		};
		B5C2623A190E67B700F52A56 /* Frameworks */ = {
			isa = PBXGroup;
			children = (
				B5C2623B190E67B700F52A56 /* Foundation.framework */,
				B5C2623D190E67B700F52A56 /* CoreGraphics.framework */,
				B5C2623F190E67B700F52A56 /* UIKit.framework */,
				B5C26254190E67B700F52A56 /* XCTest.framework */,
			);
			name = Frameworks;
			sourceTree = "<group>";
		};
		B5C26241190E67B700F52A56 /* AirSell */ = {
			isa = PBXGroup;
			children = (
				B5C26282190E755B00F52A56 /* CommonDefine.h */,
				B584471E190E7F17009F8E2A /* Main.storyboard */,
				B5844720190F4B83009F8E2A /* Images.xcassets */,
				B5C2624A190E67B700F52A56 /* ASAppDelegate.h */,
				B5C2624B190E67B700F52A56 /* ASAppDelegate.m */,
				B5C2627C190E74D900F52A56 /* ASSmallCollectionViewController.h */,
				B5C2627D190E74D900F52A56 /* ASSmallCollectionViewController.m */,
				B5C26275190E744E00F52A56 /* Custom Layout */,
				B5C2626E190E684300F52A56 /* Transition */,
				B5C2626A190E67D200F52A56 /* Base Colection */,
				B5C26242190E67B700F52A56 /* Supporting Files */,
			);
			path = AirSell;
			sourceTree = "<group>";
		};
		B5C26242190E67B700F52A56 /* Supporting Files */ = {
			isa = PBXGroup;
			children = (
				B5C26243190E67B700F52A56 /* AirSell-Info.plist */,
				B5C26244190E67B700F52A56 /* InfoPlist.strings */,
				B5C26247190E67B700F52A56 /* main.m */,
				B5C26249190E67B700F52A56 /* AirSell-Prefix.pch */,
			);
			name = "Supporting Files";
			sourceTree = "<group>";
		};
		B5C2625A190E67B700F52A56 /* AirSellTests */ = {
			isa = PBXGroup;
			children = (
				B5C26260190E67B700F52A56 /* AirSellTests.m */,
				B5C2625B190E67B700F52A56 /* Supporting Files */,
			);
			path = AirSellTests;
			sourceTree = "<group>";
		};
		B5C2625B190E67B700F52A56 /* Supporting Files */ = {
			isa = PBXGroup;
			children = (
				B5C2625C190E67B700F52A56 /* AirSellTests-Info.plist */,
				B5C2625D190E67B700F52A56 /* InfoPlist.strings */,
			);
			name = "Supporting Files";
			sourceTree = "<group>";
		};
		B5C2626A190E67D200F52A56 /* Base Colection */ = {
			isa = PBXGroup;
			children = (
				B5C2626B190E681200F52A56 /* ASPaperCollectionViewController.h */,
				B5C2626C190E681200F52A56 /* ASPaperCollectionViewController.m */,
			);
			name = "Base Colection";
			sourceTree = "<group>";
		};
		B5C2626E190E684300F52A56 /* Transition */ = {
			isa = PBXGroup;
			children = (
				B5C2626F190E734500F52A56 /* ASTransitionController.h */,
				B5C26270190E734500F52A56 /* ASTransitionController.m */,
				B5C26271190E734500F52A56 /* ASTransitionLayout.h */,
				B5C26272190E734500F52A56 /* ASTransitionLayout.m */,
			);
			name = Transition;
			sourceTree = "<group>";
		};
		B5C26275190E744E00F52A56 /* Custom Layout */ = {
			isa = PBXGroup;
			children = (
				B5C26276190E745C00F52A56 /* ASCollectionViewLargeLayout.h */,
				B5C26277190E745C00F52A56 /* ASCollectionViewLargeLayout.m */,
				B5C26278190E745C00F52A56 /* ASCollectionViewSmallLayout.h */,
				B5C26279190E745C00F52A56 /* ASCollectionViewSmallLayout.m */,
			);
			name = "Custom Layout";
			sourceTree = "<group>";
		};
/* End PBXGroup section */

/* Begin PBXNativeTarget section */
		B5C26237190E67B700F52A56 /* AirSell */ = {
			isa = PBXNativeTarget;
			buildConfigurationList = B5C26264190E67B700F52A56 /* Build configuration list for PBXNativeTarget "AirSell" */;
			buildPhases = (
				B5C26234190E67B700F52A56 /* Sources */,
				B5C26235190E67B700F52A56 /* Frameworks */,
				B5C26236190E67B700F52A56 /* Resources */,
			);
			buildRules = (
			);
			dependencies = (
			);
			name = AirSell;
			productName = AirSell;
			productReference = B5C26238190E67B700F52A56 /* AirSell.app */;
			productType = "com.apple.product-type.application";
		};
		B5C26252190E67B700F52A56 /* AirSellTests */ = {
			isa = PBXNativeTarget;
			buildConfigurationList = B5C26267190E67B700F52A56 /* Build configuration list for PBXNativeTarget "AirSellTests" */;
			buildPhases = (
				B5C2624F190E67B700F52A56 /* Sources */,
				B5C26250190E67B700F52A56 /* Frameworks */,
				B5C26251190E67B700F52A56 /* Resources */,
			);
			buildRules = (
			);
			dependencies = (
				B5C26259190E67B700F52A56 /* PBXTargetDependency */,
			);
			name = AirSellTests;
			productName = AirSellTests;
			productReference = B5C26253190E67B700F52A56 /* AirSellTests.xctest */;
			productType = "com.apple.product-type.bundle.unit-test";
		};
/* End PBXNativeTarget section */

/* Begin PBXProject section */
		B5C26230190E67B700F52A56 /* Project object */ = {
			isa = PBXProject;
			attributes = {
				CLASSPREFIX = AS;
				LastUpgradeCheck = 0510;
				ORGANIZATIONNAME = qfpay;
				TargetAttributes = {
					B5C26252190E67B700F52A56 = {
						TestTargetID = B5C26237190E67B700F52A56;
					};
				};
			};
			buildConfigurationList = B5C26233190E67B700F52A56 /* Build configuration list for PBXProject "AirSell" */;
			compatibilityVersion = "Xcode 3.2";
			developmentRegion = English;
			hasScannedForEncodings = 0;
			knownRegions = (
				en,
			);
			mainGroup = B5C2622F190E67B700F52A56;
			productRefGroup = B5C26239190E67B700F52A56 /* Products */;
			projectDirPath = "";
			projectRoot = "";
			targets = (
				B5C26237190E67B700F52A56 /* AirSell */,
				B5C26252190E67B700F52A56 /* AirSellTests */,
			);
		};
/* End PBXProject section */

/* Begin PBXResourcesBuildPhase section */
		B5C26236190E67B700F52A56 /* Resources */ = {
			isa = PBXResourcesBuildPhase;
			buildActionMask = 2147483647;
			files = (
				B5844721190F4B83009F8E2A /* Images.xcassets in Resources */,
				B584471F190E7F17009F8E2A /* Main.storyboard in Resources */,
				B5C26246190E67B700F52A56 /* InfoPlist.strings in Resources */,
			);
			runOnlyForDeploymentPostprocessing = 0;
		};
		B5C26251190E67B700F52A56 /* Resources */ = {
			isa = PBXResourcesBuildPhase;
			buildActionMask = 2147483647;
			files = (
				B5C2625F190E67B700F52A56 /* InfoPlist.strings in Resources */,
			);
			runOnlyForDeploymentPostprocessing = 0;
		};
/* End PBXResourcesBuildPhase section */

/* Begin PBXSourcesBuildPhase section */
		B5C26234190E67B700F52A56 /* Sources */ = {
			isa = PBXSourcesBuildPhase;
			buildActionMask = 2147483647;
			files = (
				B5C2624C190E67B700F52A56 /* ASAppDelegate.m in Sources */,
				B5C2626D190E681200F52A56 /* ASPaperCollectionViewController.m in Sources */,
				B5C2627B190E745C00F52A56 /* ASCollectionViewSmallLayout.m in Sources */,
				B5C26280190E74D900F52A56 /* ASSmallCollectionViewController.m in Sources */,
				B5C26248190E67B700F52A56 /* main.m in Sources */,
				B5C26274190E734500F52A56 /* ASTransitionLayout.m in Sources */,
				B5C26273190E734500F52A56 /* ASTransitionController.m in Sources */,
				B5C2627A190E745C00F52A56 /* ASCollectionViewLargeLayout.m in Sources */,
			);
			runOnlyForDeploymentPostprocessing = 0;
		};
		B5C2624F190E67B700F52A56 /* Sources */ = {
			isa = PBXSourcesBuildPhase;
			buildActionMask = 2147483647;
			files = (
				B5C26261190E67B700F52A56 /* AirSellTests.m in Sources */,
			);
			runOnlyForDeploymentPostprocessing = 0;
		};
/* End PBXSourcesBuildPhase section */

/* Begin PBXTargetDependency section */
		B5C26259190E67B700F52A56 /* PBXTargetDependency */ = {
			isa = PBXTargetDependency;
			target = B5C26237190E67B700F52A56 /* AirSell */;
			targetProxy = B5C26258190E67B700F52A56 /* PBXContainerItemProxy */;
		};
/* End PBXTargetDependency section */

/* Begin PBXVariantGroup section */
		B5C26244190E67B700F52A56 /* InfoPlist.strings */ = {
			isa = PBXVariantGroup;
			children = (
				B5C26245190E67B700F52A56 /* en */,
			);
			name = InfoPlist.strings;
			sourceTree = "<group>";
		};
		B5C2625D190E67B700F52A56 /* InfoPlist.strings */ = {
			isa = PBXVariantGroup;
			children = (
				B5C2625E190E67B700F52A56 /* en */,
			);
			name = InfoPlist.strings;
			sourceTree = "<group>";
		};
/* End PBXVariantGroup section */

/* Begin XCBuildConfiguration section */
		B5C26262190E67B700F52A56 /* Debug */ = {
			isa = XCBuildConfiguration;
			buildSettings = {
				ALWAYS_SEARCH_USER_PATHS = NO;
				CLANG_CXX_LANGUAGE_STANDARD = "gnu++0x";
				CLANG_CXX_LIBRARY = "libc++";
				CLANG_ENABLE_MODULES = YES;
				CLANG_ENABLE_OBJC_ARC = YES;
				CLANG_WARN_BOOL_CONVERSION = YES;
				CLANG_WARN_CONSTANT_CONVERSION = YES;
				CLANG_WARN_DIRECT_OBJC_ISA_USAGE = YES_ERROR;
				CLANG_WARN_EMPTY_BODY = YES;
				CLANG_WARN_ENUM_CONVERSION = YES;
				CLANG_WARN_INT_CONVERSION = YES;
				CLANG_WARN_OBJC_ROOT_CLASS = YES_ERROR;
				CLANG_WARN__DUPLICATE_METHOD_MATCH = YES;
				"CODE_SIGN_IDENTITY[sdk=iphoneos*]" = "iPhone Developer";
				COPY_PHASE_STRIP = NO;
				GCC_C_LANGUAGE_STANDARD = gnu99;
				GCC_DYNAMIC_NO_PIC = NO;
				GCC_OPTIMIZATION_LEVEL = 0;
				GCC_PREPROCESSOR_DEFINITIONS = (
					"DEBUG=1",
					"$(inherited)",
				);
				GCC_SYMBOLS_PRIVATE_EXTERN = NO;
				GCC_WARN_64_TO_32_BIT_CONVERSION = YES;
				GCC_WARN_ABOUT_RETURN_TYPE = YES_ERROR;
				GCC_WARN_UNDECLARED_SELECTOR = YES;
				GCC_WARN_UNINITIALIZED_AUTOS = YES_AGGRESSIVE;
				GCC_WARN_UNUSED_FUNCTION = YES;
				GCC_WARN_UNUSED_VARIABLE = YES;
				IPHONEOS_DEPLOYMENT_TARGET = 7.1;
				ONLY_ACTIVE_ARCH = YES;
				SDKROOT = iphoneos;
			};
			name = Debug;
		};
		B5C26263190E67B700F52A56 /* Release */ = {
			isa = XCBuildConfiguration;
			buildSettings = {
				ALWAYS_SEARCH_USER_PATHS = NO;
				CLANG_CXX_LANGUAGE_STANDARD = "gnu++0x";
				CLANG_CXX_LIBRARY = "libc++";
				CLANG_ENABLE_MODULES = YES;
				CLANG_ENABLE_OBJC_ARC = YES;
				CLANG_WARN_BOOL_CONVERSION = YES;
				CLANG_WARN_CONSTANT_CONVERSION = YES;
				CLANG_WARN_DIRECT_OBJC_ISA_USAGE = YES_ERROR;
				CLANG_WARN_EMPTY_BODY = YES;
				CLANG_WARN_ENUM_CONVERSION = YES;
				CLANG_WARN_INT_CONVERSION = YES;
				CLANG_WARN_OBJC_ROOT_CLASS = YES_ERROR;
				CLANG_WARN__DUPLICATE_METHOD_MATCH = YES;
				"CODE_SIGN_IDENTITY[sdk=iphoneos*]" = "iPhone Developer";
				COPY_PHASE_STRIP = YES;
				ENABLE_NS_ASSERTIONS = NO;
				GCC_C_LANGUAGE_STANDARD = gnu99;
				GCC_WARN_64_TO_32_BIT_CONVERSION = YES;
				GCC_WARN_ABOUT_RETURN_TYPE = YES_ERROR;
				GCC_WARN_UNDECLARED_SELECTOR = YES;
				GCC_WARN_UNINITIALIZED_AUTOS = YES_AGGRESSIVE;
				GCC_WARN_UNUSED_FUNCTION = YES;
				GCC_WARN_UNUSED_VARIABLE = YES;
				IPHONEOS_DEPLOYMENT_TARGET = 7.1;
				SDKROOT = iphoneos;
				VALIDATE_PRODUCT = YES;
			};
			name = Release;
		};
		B5C26265190E67B700F52A56 /* Debug */ = {
			isa = XCBuildConfiguration;
			buildSettings = {
				ASSETCATALOG_COMPILER_APPICON_NAME = AppIcon;
				ASSETCATALOG_COMPILER_LAUNCHIMAGE_NAME = LaunchImage;
				CODE_SIGN_IDENTITY = "iPhone Developer";
				GCC_PRECOMPILE_PREFIX_HEADER = YES;
				GCC_PREFIX_HEADER = "AirSell/AirSell-Prefix.pch";
				INFOPLIST_FILE = "AirSell/AirSell-Info.plist";
				IPHONEOS_DEPLOYMENT_TARGET = 7.0;
				PRODUCT_NAME = "$(TARGET_NAME)";
				PROVISIONING_PROFILE = "";
				WRAPPER_EXTENSION = app;
			};
			name = Debug;
		};
		B5C26266190E67B700F52A56 /* Release */ = {
			isa = XCBuildConfiguration;
			buildSettings = {
				ASSETCATALOG_COMPILER_APPICON_NAME = AppIcon;
				ASSETCATALOG_COMPILER_LAUNCHIMAGE_NAME = LaunchImage;
				CODE_SIGN_IDENTITY = "iPhone Developer";
				"CODE_SIGN_IDENTITY[sdk=iphoneos*]" = "iPhone Distribution";
				GCC_PRECOMPILE_PREFIX_HEADER = YES;
				GCC_PREFIX_HEADER = "AirSell/AirSell-Prefix.pch";
				INFOPLIST_FILE = "AirSell/AirSell-Info.plist";
				IPHONEOS_DEPLOYMENT_TARGET = 7.0;
				PRODUCT_NAME = "$(TARGET_NAME)";
				PROVISIONING_PROFILE = "";
				WRAPPER_EXTENSION = app;
			};
			name = Release;
		};
		B5C26268190E67B700F52A56 /* Debug */ = {
			isa = XCBuildConfiguration;
			buildSettings = {
				BUNDLE_LOADER = "$(BUILT_PRODUCTS_DIR)/AirSell.app/AirSell";
				FRAMEWORK_SEARCH_PATHS = (
					"$(SDKROOT)/Developer/Library/Frameworks",
					"$(inherited)",
					"$(DEVELOPER_FRAMEWORKS_DIR)",
				);
				GCC_PRECOMPILE_PREFIX_HEADER = YES;
				GCC_PREFIX_HEADER = "AirSell/AirSell-Prefix.pch";
				GCC_PREPROCESSOR_DEFINITIONS = (
					"DEBUG=1",
					"$(inherited)",
				);
				INFOPLIST_FILE = "AirSellTests/AirSellTests-Info.plist";
				PRODUCT_NAME = "$(TARGET_NAME)";
				TEST_HOST = "$(BUNDLE_LOADER)";
				WRAPPER_EXTENSION = xctest;
			};
			name = Debug;
		};
		B5C26269190E67B700F52A56 /* Release */ = {
			isa = XCBuildConfiguration;
			buildSettings = {
				BUNDLE_LOADER = "$(BUILT_PRODUCTS_DIR)/AirSell.app/AirSell";
				FRAMEWORK_SEARCH_PATHS = (
					"$(SDKROOT)/Developer/Library/Frameworks",
					"$(inherited)",
					"$(DEVELOPER_FRAMEWORKS_DIR)",
				);
				GCC_PRECOMPILE_PREFIX_HEADER = YES;
				GCC_PREFIX_HEADER = "AirSell/AirSell-Prefix.pch";
				INFOPLIST_FILE = "AirSellTests/AirSellTests-Info.plist";
				PRODUCT_NAME = "$(TARGET_NAME)";
				TEST_HOST = "$(BUNDLE_LOADER)";
				WRAPPER_EXTENSION = xctest;
			};
			name = Release;
		};
/* End XCBuildConfiguration section */

/* Begin XCConfigurationList section */
		B5C26233190E67B700F52A56 /* Build configuration list for PBXProject "AirSell" */ = {
			isa = XCConfigurationList;
			buildConfigurations = (
				B5C26262190E67B700F52A56 /* Debug */,
				B5C26263190E67B700F52A56 /* Release */,
			);
			defaultConfigurationIsVisible = 0;
			defaultConfigurationName = Release;
		};
		B5C26264190E67B700F52A56 /* Build configuration list for PBXNativeTarget "AirSell" */ = {
			isa = XCConfigurationList;
			buildConfigurations = (
				B5C26265190E67B700F52A56 /* Debug */,
				B5C26266190E67B700F52A56 /* Release */,
			);
			defaultConfigurationIsVisible = 0;
			defaultConfigurationName = Release;
		};
		B5C26267190E67B700F52A56 /* Build configuration list for PBXNativeTarget "AirSellTests" */ = {
			isa = XCConfigurationList;
			buildConfigurations = (
				B5C26268190E67B700F52A56 /* Debug */,
				B5C26269190E67B700F52A56 /* Release */,
			);
			defaultConfigurationIsVisible = 0;
			defaultConfigurationName = Release;
		};
/* End XCConfigurationList section */
	};
	rootObject = B5C26230190E67B700F52A56 /* Project object */;
}
